// !$*UTF8*$!
{
	archiveVersion = 1;
	classes = {
	};
	objectVersion = 46;
	objects = {

/* Begin PBXBuildFile section */
		D003B8591742B6050030516E /* UIKit.framework in Frameworks */ = {isa = PBXBuildFile; fileRef = D003B8581742B6050030516E /* UIKit.framework */; };
		D003B85B1742B6050030516E /* Foundation.framework in Frameworks */ = {isa = PBXBuildFile; fileRef = D003B85A1742B6050030516E /* Foundation.framework */; };
		D003B85D1742B6050030516E /* CoreGraphics.framework in Frameworks */ = {isa = PBXBuildFile; fileRef = D003B85C1742B6050030516E /* CoreGraphics.framework */; };
		D003B8631742B6050030516E /* InfoPlist.strings in Resources */ = {isa = PBXBuildFile; fileRef = D003B8611742B6050030516E /* InfoPlist.strings */; };
		D003B8651742B6050030516E /* main.m in Sources */ = {isa = PBXBuildFile; fileRef = D003B8641742B6050030516E /* main.m */; };
		D003B8691742B6050030516E /* BGSAppDelegate.m in Sources */ = {isa = PBXBuildFile; fileRef = D003B8681742B6050030516E /* BGSAppDelegate.m */; };
		D003B86B1742B6050030516E /* Default.png in Resources */ = {isa = PBXBuildFile; fileRef = D003B86A1742B6050030516E /* Default.png */; };
		D003B86D1742B6050030516E /* Default@2x.png in Resources */ = {isa = PBXBuildFile; fileRef = D003B86C1742B6050030516E /* Default@2x.png */; };
		D003B86F1742B6050030516E /* Default-568h@2x.png in Resources */ = {isa = PBXBuildFile; fileRef = D003B86E1742B6050030516E /* Default-568h@2x.png */; };
		D003B8721742B6050030516E /* MainStoryboard_iPhone.storyboard in Resources */ = {isa = PBXBuildFile; fileRef = D003B8701742B6050030516E /* MainStoryboard_iPhone.storyboard */; };
		D003B8751742B6050030516E /* MainStoryboard_iPad.storyboard in Resources */ = {isa = PBXBuildFile; fileRef = D003B8731742B6050030516E /* MainStoryboard_iPad.storyboard */; };
		D003B8781742B6050030516E /* BGSViewController.m in Sources */ = {isa = PBXBuildFile; fileRef = D003B8771742B6050030516E /* BGSViewController.m */; };
/* End PBXBuildFile section */

/* Begin PBXFileReference section */
		D003B8551742B6050030516E /* testDemo1.app */ = {isa = PBXFileReference; explicitFileType = wrapper.application; includeInIndex = 0; path = testDemo1.app; sourceTree = BUILT_PRODUCTS_DIR; };
		D003B8581742B6050030516E /* UIKit.framework */ = {isa = PBXFileReference; lastKnownFileType = wrapper.framework; name = UIKit.framework; path = System/Library/Frameworks/UIKit.framework; sourceTree = SDKROOT; };
		D003B85A1742B6050030516E /* Foundation.framework */ = {isa = PBXFileReference; lastKnownFileType = wrapper.framework; name = Foundation.framework; path = System/Library/Frameworks/Foundation.framework; sourceTree = SDKROOT; };
		D003B85C1742B6050030516E /* CoreGraphics.framework */ = {isa = PBXFileReference; lastKnownFileType = wrapper.framework; name = CoreGraphics.framework; path = System/Library/Frameworks/CoreGraphics.framework; sourceTree = SDKROOT; };
		D003B8601742B6050030516E /* testDemo1-Info.plist */ = {isa = PBXFileReference; lastKnownFileType = text.plist.xml; path = "testDemo1-Info.plist"; sourceTree = "<group>"; };
		D003B8621742B6050030516E /* en */ = {isa = PBXFileReference; lastKnownFileType = text.plist.strings; name = en; path = en.lproj/InfoPlist.strings; sourceTree = "<group>"; };
		D003B8641742B6050030516E /* main.m */ = {isa = PBXFileReference; lastKnownFileType = sourcecode.c.objc; path = main.m; sourceTree = "<group>"; };
		D003B8661742B6050030516E /* testDemo1-Prefix.pch */ = {isa = PBXFileReference; lastKnownFileType = sourcecode.c.h; path = "testDemo1-Prefix.pch"; sourceTree = "<group>"; };
		D003B8671742B6050030516E /* BGSAppDelegate.h */ = {isa = PBXFileReference; lastKnownFileType = sourcecode.c.h; path = BGSAppDelegate.h; sourceTree = "<group>"; };
		D003B8681742B6050030516E /* BGSAppDelegate.m */ = {isa = PBXFileReference; lastKnownFileType = sourcecode.c.objc; path = BGSAppDelegate.m; sourceTree = "<group>"; };
		D003B86A1742B6050030516E /* Default.png */ = {isa = PBXFileReference; lastKnownFileType = image.png; path = Default.png; sourceTree = "<group>"; };
		D003B86C1742B6050030516E /* Default@2x.png */ = {isa = PBXFileReference; lastKnownFileType = image.png; path = "Default@2x.png"; sourceTree = "<group>"; };
		D003B86E1742B6050030516E /* Default-568h@2x.png */ = {isa = PBXFileReference; lastKnownFileType = image.png; path = "Default-568h@2x.png"; sourceTree = "<group>"; };
		D003B8711742B6050030516E /* en */ = {isa = PBXFileReference; lastKnownFileType = file.storyboard; name = en; path = en.lproj/MainStoryboard_iPhone.storyboard; sourceTree = "<group>"; };
		D003B8741742B6050030516E /* en */ = {isa = PBXFileReference; lastKnownFileType = file.storyboard; name = en; path = en.lproj/MainStoryboard_iPad.storyboard; sourceTree = "<group>"; };
		D003B8761742B6050030516E /* BGSViewController.h */ = {isa = PBXFileReference; lastKnownFileType = sourcecode.c.h; path = BGSViewController.h; sourceTree = "<group>"; };
		D003B8771742B6050030516E /* BGSViewController.m */ = {isa = PBXFileReference; lastKnownFileType = sourcecode.c.objc; path = BGSViewController.m; sourceTree = "<group>"; };
/* End PBXFileReference section */

/* Begin PBXFrameworksBuildPhase section */
		D003B8521742B6050030516E /* Frameworks */ = {
			isa = PBXFrameworksBuildPhase;
			buildActionMask = 2147483647;
			files = (
				D003B8591742B6050030516E /* UIKit.framework in Frameworks */,
				D003B85B1742B6050030516E /* Foundation.framework in Frameworks */,
				D003B85D1742B6050030516E /* CoreGraphics.framework in Frameworks */,
			);
			runOnlyForDeploymentPostprocessing = 0;
		};
/* End PBXFrameworksBuildPhase section */

/* Begin PBXGroup section */
		D003B84C1742B6040030516E = {
			isa = PBXGroup;
			children = (
				D003B85E1742B6050030516E /* testDemo1 */,
				D003B8571742B6050030516E /* Frameworks */,
				D003B8561742B6050030516E /* Products */,
			);
			sourceTree = "<group>";
		};
		D003B8561742B6050030516E /* Products */ = {
			isa = PBXGroup;
			children = (
				D003B8551742B6050030516E /* testDemo1.app */,
			);
			name = Products;
			sourceTree = "<group>";
		};
		D003B8571742B6050030516E /* Frameworks */ = {
			isa = PBXGroup;
			children = (
				D003B8581742B6050030516E /* UIKit.framework */,
				D003B85A1742B6050030516E /* Foundation.framework */,
				D003B85C1742B6050030516E /* CoreGraphics.framework */,
			);
			name = Frameworks;
			sourceTree = "<group>";
		};
		D003B85E1742B6050030516E /* testDemo1 */ = {
			isa = PBXGroup;
			children = (
				D003B8671742B6050030516E /* BGSAppDelegate.h */,
				D003B8681742B6050030516E /* BGSAppDelegate.m */,
				D003B8701742B6050030516E /* MainStoryboard_iPhone.storyboard */,
				D003B8731742B6050030516E /* MainStoryboard_iPad.storyboard */,
				D003B8761742B6050030516E /* BGSViewController.h */,
				D003B8771742B6050030516E /* BGSViewController.m */,
				D003B85F1742B6050030516E /* Supporting Files */,
			);
			path = testDemo1;
			sourceTree = "<group>";
		};
		D003B85F1742B6050030516E /* Supporting Files */ = {
			isa = PBXGroup;
			children = (
				D003B8601742B6050030516E /* testDemo1-Info.plist */,
				D003B8611742B6050030516E /* InfoPlist.strings */,
				D003B8641742B6050030516E /* main.m */,
				D003B8661742B6050030516E /* testDemo1-Prefix.pch */,
				D003B86A1742B6050030516E /* Default.png */,
				D003B86C1742B6050030516E /* Default@2x.png */,
				D003B86E1742B6050030516E /* Default-568h@2x.png */,
			);
			name = "Supporting Files";
			sourceTree = "<group>";
		};
/* End PBXGroup section */

/* Begin PBXNativeTarget section */
		D003B8541742B6050030516E /* testDemo1 */ = {
			isa = PBXNativeTarget;
			buildConfigurationList = D003B87B1742B6050030516E /* Build configuration list for PBXNativeTarget "testDemo1" */;
			buildPhases = (
				D003B8511742B6050030516E /* Sources */,
				D003B8521742B6050030516E /* Frameworks */,
				D003B8531742B6050030516E /* Resources */,
			);
			buildRules = (
			);
			dependencies = (
			);
			name = testDemo1;
			productName = testDemo1;
			productReference = D003B8551742B6050030516E /* testDemo1.app */;
			productType = "com.apple.product-type.application";
		};
/* End PBXNativeTarget section */

/* Begin PBXProject section */
		D003B84D1742B6040030516E /* Project object */ = {
			isa = PBXProject;
			attributes = {
				CLASSPREFIX = BGS;
				LastUpgradeCheck = 0460;
				ORGANIZATIONNAME = BrightGreenStar;
			};
			buildConfigurationList = D003B8501742B6040030516E /* Build configuration list for PBXProject "testDemo1" */;
			compatibilityVersion = "Xcode 3.2";
			developmentRegion = English;
			hasScannedForEncodings = 0;
			knownRegions = (
				en,
			);
			mainGroup = D003B84C1742B6040030516E;
			productRefGroup = D003B8561742B6050030516E /* Products */;
			projectDirPath = "";
			projectRoot = "";
			targets = (
				D003B8541742B6050030516E /* testDemo1 */,
			);
		};
/* End PBXProject section */

/* Begin PBXResourcesBuildPhase section */
		D003B8531742B6050030516E /* Resources */ = {
			isa = PBXResourcesBuildPhase;
			buildActionMask = 2147483647;
			files = (
				D003B8631742B6050030516E /* InfoPlist.strings in Resources */,
				D003B86B1742B6050030516E /* Default.png in Resources */,
				D003B86D1742B6050030516E /* Default@2x.png in Resources */,
				D003B86F1742B6050030516E /* Default-568h@2x.png in Resources */,
				D003B8721742B6050030516E /* MainStoryboard_iPhone.storyboard in Resources */,
				D003B8751742B6050030516E /* MainStoryboard_iPad.storyboard in Resources */,
			);
			runOnlyForDeploymentPostprocessing = 0;
		};
/* End PBXResourcesBuildPhase section */

/* Begin PBXSourcesBuildPhase section */
		D003B8511742B6050030516E /* Sources */ = {
			isa = PBXSourcesBuildPhase;
			buildActionMask = 2147483647;
			files = (
				D003B8651742B6050030516E /* main.m in Sources */,
				D003B8691742B6050030516E /* BGSAppDelegate.m in Sources */,
				D003B8781742B6050030516E /* BGSViewController.m in Sources */,
			);
			runOnlyForDeploymentPostprocessing = 0;
		};
/* End PBXSourcesBuildPhase section */

/* Begin PBXVariantGroup section */
		D003B8611742B6050030516E /* InfoPlist.strings */ = {
			isa = PBXVariantGroup;
			children = (
				D003B8621742B6050030516E /* en */,
			);
			name = InfoPlist.strings;
			sourceTree = "<group>";
		};
		D003B8701742B6050030516E /* MainStoryboard_iPhone.storyboard */ = {
			isa = PBXVariantGroup;
			children = (
				D003B8711742B6050030516E /* en */,
			);
			name = MainStoryboard_iPhone.storyboard;
			sourceTree = "<group>";
		};
		D003B8731742B6050030516E /* MainStoryboard_iPad.storyboard */ = {
			isa = PBXVariantGroup;
			children = (
				D003B8741742B6050030516E /* en */,
			);
			name = MainStoryboard_iPad.storyboard;
			sourceTree = "<group>";
		};
/* End PBXVariantGroup section */

/* Begin XCBuildConfiguration section */
		D003B8791742B6050030516E /* Debug */ = {
			isa = XCBuildConfiguration;
			buildSettings = {
				ALWAYS_SEARCH_USER_PATHS = NO;
				CLANG_CXX_LANGUAGE_STANDARD = "gnu++0x";
				CLANG_CXX_LIBRARY = "libc++";
				CLANG_ENABLE_OBJC_ARC = YES;
				CLANG_WARN_CONSTANT_CONVERSION = YES;
				CLANG_WARN_EMPTY_BODY = YES;
				CLANG_WARN_ENUM_CONVERSION = YES;
				CLANG_WARN_INT_CONVERSION = YES;
				CLANG_WARN__DUPLICATE_METHOD_MATCH = YES;
				"CODE_SIGN_IDENTITY[sdk=iphoneos*]" = "iPhone Developer";
				COPY_PHASE_STRIP = NO;
				GCC_C_LANGUAGE_STANDARD = gnu99;
				GCC_DYNAMIC_NO_PIC = NO;
				GCC_OPTIMIZATION_LEVEL = 0;
				GCC_PREPROCESSOR_DEFINITIONS = (
					"DEBUG=1",
					"$(inherited)",
				);
				GCC_SYMBOLS_PRIVATE_EXTERN = NO;
				GCC_WARN_ABOUT_RETURN_TYPE = YES;
				GCC_WARN_UNINITIALIZED_AUTOS = YES;
				GCC_WARN_UNUSED_VARIABLE = YES;
				IPHONEOS_DEPLOYMENT_TARGET = 6.1;
				ONLY_ACTIVE_ARCH = YES;
				SDKROOT = iphoneos;
				TARGETED_DEVICE_FAMILY = "1,2";
			};
			name = Debug;
		};
		D003B87A1742B6050030516E /* Release */ = {
			isa = XCBuildConfiguration;
			buildSettings = {
				ALWAYS_SEARCH_USER_PATHS = NO;
				CLANG_CXX_LANGUAGE_STANDARD = "gnu++0x";
				CLANG_CXX_LIBRARY = "libc++";
				CLANG_ENABLE_OBJC_ARC = YES;
				CLANG_WARN_CONSTANT_CONVERSION = YES;
				CLANG_WARN_EMPTY_BODY = YES;
				CLANG_WARN_ENUM_CONVERSION = YES;
				CLANG_WARN_INT_CONVERSION = YES;
				CLANG_WARN__DUPLICATE_METHOD_MATCH = YES;
				"CODE_SIGN_IDENTITY[sdk=iphoneos*]" = "iPhone Developer";
				COPY_PHASE_STRIP = YES;
				GCC_C_LANGUAGE_STANDARD = gnu99;
				GCC_WARN_ABOUT_RETURN_TYPE = YES;
				GCC_WARN_UNINITIALIZED_AUTOS = YES;
				GCC_WARN_UNUSED_VARIABLE = YES;
				IPHONEOS_DEPLOYMENT_TARGET = 6.1;
				OTHER_CFLAGS = "-DNS_BLOCK_ASSERTIONS=1";
				SDKROOT = iphoneos;
				TARGETED_DEVICE_FAMILY = "1,2";
				VALIDATE_PRODUCT = YES;
			};
			name = Release;
		};
		D003B87C1742B6050030516E /* Debug */ = {
			isa = XCBuildConfiguration;
			buildSettings = {
				GCC_PRECOMPILE_PREFIX_HEADER = YES;
				GCC_PREFIX_HEADER = "testDemo1/testDemo1-Prefix.pch";
				INFOPLIST_FILE = "testDemo1/testDemo1-Info.plist";
				PRODUCT_NAME = "$(TARGET_NAME)";
				WRAPPER_EXTENSION = app;
			};
			name = Debug;
		};
		D003B87D1742B6050030516E /* Release */ = {
			isa = XCBuildConfiguration;
			buildSettings = {
				GCC_PRECOMPILE_PREFIX_HEADER = YES;
				GCC_PREFIX_HEADER = "testDemo1/testDemo1-Prefix.pch";
				INFOPLIST_FILE = "testDemo1/testDemo1-Info.plist";
				PRODUCT_NAME = "$(TARGET_NAME)";
				WRAPPER_EXTENSION = app;
			};
			name = Release;
		};
/* End XCBuildConfiguration section */

/* Begin XCConfigurationList section */
		D003B8501742B6040030516E /* Build configuration list for PBXProject "testDemo1" */ = {
			isa = XCConfigurationList;
			buildConfigurations = (
				D003B8791742B6050030516E /* Debug */,
				D003B87A1742B6050030516E /* Release */,
			);
			defaultConfigurationIsVisible = 0;
			defaultConfigurationName = Release;
		};
		D003B87B1742B6050030516E /* Build configuration list for PBXNativeTarget "testDemo1" */ = {
			isa = XCConfigurationList;
			buildConfigurations = (
				D003B87C1742B6050030516E /* Debug */,
				D003B87D1742B6050030516E /* Release */,
			);
			defaultConfigurationIsVisible = 0;
		};
/* End XCConfigurationList section */
	};
	rootObject = D003B84D1742B6040030516E /* Project object */;
}
